
Microsoft Visual Studio Solution File, Format Version 12.00
# Visual Studio Version 16
VisualStudioVersion = 16.0.31729.503
MinimumVisualStudioVersion = 10.0.40219.1
Project("{FAE04EC0-301F-11D3-BF4B-00C04F79EFBC}") = "GS", "GS\GS.csproj", "{127051B0-6164-4CA3-8530-270AD7D3951E}"
EndProject
Global
	GlobalSection(SolutionConfigurationPlatforms) = preSolution
		Debug|Any CPU = Debug|Any CPU
		Release|Any CPU = Release|Any CPU
	EndGlobalSection
	GlobalSection(ProjectConfigurationPlatforms) = postSolution
		{127051B0-6164-4CA3-8530-270AD7D3951E}.Debug|Any CPU.ActiveCfg = Debug|Any CPU
		{127051B0-6164-4CA3-8530-270AD7D3951E}.Debug|Any CPU.Build.0 = Debug|Any CPU
		{127051B0-6164-4CA3-8530-270AD7D3951E}.Release|Any CPU.ActiveCfg = Release|Any CPU
		{127051B0-6164-4CA3-8530-270AD7D3951E}.Release|Any CPU.Build.0 = Release|Any CPU
	EndGlobalSection
	GlobalSection(SolutionProperties) = preSolution
		HideSolutionNode = FALSE
	EndGlobalSection
	GlobalSection(ExtensibilityGlobals) = postSolution
		SolutionGuid = {2319AE73-8D51-42E1-878A-D3823EA7B86F}
	EndGlobalSection
EndGlobal
