
Microsoft Visual Studio Solution File, Format Version 12.00
# Visual Studio Version 16
VisualStudioVersion = 16.0.31729.503
MinimumVisualStudioVersion = 10.0.40219.1
Project("{FAE04EC0-301F-11D3-BF4B-00C04F79EFBC}") = "project1205", "project1205\project1205.csproj", "{8F3393F1-13D4-4AC3-BE03-2F41C23E6090}"
EndProject
Global
	GlobalSection(SolutionConfigurationPlatforms) = preSolution
		Debug|Any CPU = Debug|Any CPU
		Release|Any CPU = Release|Any CPU
	EndGlobalSection
	GlobalSection(ProjectConfigurationPlatforms) = postSolution
		{8F3393F1-13D4-4AC3-BE03-2F41C23E6090}.Debug|Any CPU.ActiveCfg = Debug|Any CPU
		{8F3393F1-13D4-4AC3-BE03-2F41C23E6090}.Debug|Any CPU.Build.0 = Debug|Any CPU
		{8F3393F1-13D4-4AC3-BE03-2F41C23E6090}.Release|Any CPU.ActiveCfg = Release|Any CPU
		{8F3393F1-13D4-4AC3-BE03-2F41C23E6090}.Release|Any CPU.Build.0 = Release|Any CPU
	EndGlobalSection
	GlobalSection(SolutionProperties) = preSolution
		HideSolutionNode = FALSE
	EndGlobalSection
	GlobalSection(ExtensibilityGlobals) = postSolution
		SolutionGuid = {16A04C18-395B-41ED-BB2B-DEAF6C079601}
	EndGlobalSection
EndGlobal
