
Microsoft Visual Studio Solution File, Format Version 12.00
# Visual Studio Version 16
VisualStudioVersion = 16.0.31729.503
MinimumVisualStudioVersion = 10.0.40219.1
Project("{FAE04EC0-301F-11D3-BF4B-00C04F79EFBC}") = "Калькулятор", "Калькулятор.csproj", "{DAF4FCEB-364B-4670-B1EA-677F04EEBDCB}"
EndProject
Global
	GlobalSection(SolutionConfigurationPlatforms) = preSolution
		Debug|Any CPU = Debug|Any CPU
		Release|Any CPU = Release|Any CPU
	EndGlobalSection
	GlobalSection(ProjectConfigurationPlatforms) = postSolution
		{DAF4FCEB-364B-4670-B1EA-677F04EEBDCB}.Debug|Any CPU.ActiveCfg = Debug|Any CPU
		{DAF4FCEB-364B-4670-B1EA-677F04EEBDCB}.Debug|Any CPU.Build.0 = Debug|Any CPU
		{DAF4FCEB-364B-4670-B1EA-677F04EEBDCB}.Release|Any CPU.ActiveCfg = Release|Any CPU
		{DAF4FCEB-364B-4670-B1EA-677F04EEBDCB}.Release|Any CPU.Build.0 = Release|Any CPU
	EndGlobalSection
	GlobalSection(SolutionProperties) = preSolution
		HideSolutionNode = FALSE
	EndGlobalSection
	GlobalSection(ExtensibilityGlobals) = postSolution
		SolutionGuid = {C4DD109D-260B-4BD9-BA8E-34890CAE100B}
	EndGlobalSection
EndGlobal
